
Microsoft Visual Studio Solution File, Format Version 12.00
# Visual Studio Version 17
VisualStudioVersion = 17.5.33502.453
MinimumVisualStudioVersion = 10.0.40219.1
Project("{FAE04EC0-301F-11D3-BF4B-00C04F79EFBC}") = "ChatAIWpf", "ChatAIWpf\ChatAIWpf.csproj", "{14982C1D-B92E-463F-ADFB-197AD4F5042E}"
EndProject
Global
	GlobalSection(SolutionConfigurationPlatforms) = preSolution
		Debug|Any CPU = Debug|Any CPU
		Release|Any CPU = Release|Any CPU
	EndGlobalSection
	GlobalSection(ProjectConfigurationPlatforms) = postSolution
		{14982C1D-B92E-463F-ADFB-197AD4F5042E}.Debug|Any CPU.ActiveCfg = Debug|Any CPU
		{14982C1D-B92E-463F-ADFB-197AD4F5042E}.Debug|Any CPU.Build.0 = Debug|Any CPU
		{14982C1D-B92E-463F-ADFB-197AD4F5042E}.Release|Any CPU.ActiveCfg = Release|Any CPU
		{14982C1D-B92E-463F-ADFB-197AD4F5042E}.Release|Any CPU.Build.0 = Release|Any CPU
	EndGlobalSection
	GlobalSection(SolutionProperties) = preSolution
		HideSolutionNode = FALSE
	EndGlobalSection
	GlobalSection(ExtensibilityGlobals) = postSolution
		SolutionGuid = {A34FE268-1E8C-4F48-8CAB-761D6C0A033D}
	EndGlobalSection
EndGlobal
